
Microsoft Visual Studio Solution File, Format Version 12.00
# Visual Studio Version 16
VisualStudioVersion = 16.0.32630.194
MinimumVisualStudioVersion = 10.0.40219.1
Project("{FAE04EC0-301F-11D3-BF4B-00C04F79EFBC}") = "neuraset", "neuraset\neuraset.csproj", "{C8DBE792-29D3-4CD9-95CB-B10CD0B3A6B0}"
EndProject
Global
	GlobalSection(SolutionConfigurationPlatforms) = preSolution
		Debug|Any CPU = Debug|Any CPU
		Release|Any CPU = Release|Any CPU
	EndGlobalSection
	GlobalSection(ProjectConfigurationPlatforms) = postSolution
		{C8DBE792-29D3-4CD9-95CB-B10CD0B3A6B0}.Debug|Any CPU.ActiveCfg = Debug|Any CPU
		{C8DBE792-29D3-4CD9-95CB-B10CD0B3A6B0}.Debug|Any CPU.Build.0 = Debug|Any CPU
		{C8DBE792-29D3-4CD9-95CB-B10CD0B3A6B0}.Release|Any CPU.ActiveCfg = Release|Any CPU
		{C8DBE792-29D3-4CD9-95CB-B10CD0B3A6B0}.Release|Any CPU.Build.0 = Release|Any CPU
	EndGlobalSection
	GlobalSection(SolutionProperties) = preSolution
		HideSolutionNode = FALSE
	EndGlobalSection
	GlobalSection(ExtensibilityGlobals) = postSolution
		SolutionGuid = {4C147CDF-5D0E-44D1-A809-DBB0D385813E}
	EndGlobalSection
EndGlobal
